
Microsoft Visual Studio Solution File, Format Version 12.00
# Visual Studio Version 16
VisualStudioVersion = 16.0.29926.136
MinimumVisualStudioVersion = 10.0.40219.1
Project("{FAE04EC0-301F-11D3-BF4B-00C04F79EFBC}") = "PortfolioApp", "PortfolioApp\PortfolioApp.csproj", "{76A81AF6-B96B-484F-9678-2BD378180DAB}"
EndProject
Global
	GlobalSection(SolutionConfigurationPlatforms) = preSolution
		Debug|Any CPU = Debug|Any CPU
		Release|Any CPU = Release|Any CPU
	EndGlobalSection
	GlobalSection(ProjectConfigurationPlatforms) = postSolution
		{76A81AF6-B96B-484F-9678-2BD378180DAB}.Debug|Any CPU.ActiveCfg = Debug|Any CPU
		{76A81AF6-B96B-484F-9678-2BD378180DAB}.Debug|Any CPU.Build.0 = Debug|Any CPU
		{76A81AF6-B96B-484F-9678-2BD378180DAB}.Release|Any CPU.ActiveCfg = Release|Any CPU
		{76A81AF6-B96B-484F-9678-2BD378180DAB}.Release|Any CPU.Build.0 = Release|Any CPU
	EndGlobalSection
	GlobalSection(SolutionProperties) = preSolution
		HideSolutionNode = FALSE
	EndGlobalSection
	GlobalSection(ExtensibilityGlobals) = postSolution
		SolutionGuid = {5A51944B-FAC5-47B2-B26C-A163A698B9C5}
	EndGlobalSection
EndGlobal
